// !$*UTF8*$!
{
	archiveVersion = 1;
	classes = {
	};
	objectVersion = 46;
	objects = {

/* Begin PBXBuildFile section */
		6E2CADE41E63D72D0090276B /* main.swift in Sources */ = {isa = PBXBuildFile; fileRef = 6E2CADE31E63D72D0090276B /* main.swift */; };
		6E2CADEB1E63D8370090276B /* User.swift in Sources */ = {isa = PBXBuildFile; fileRef = 6E2CADEA1E63D8370090276B /* User.swift */; };
		6E2CADED1E63DA750090276B /* Repository.swift in Sources */ = {isa = PBXBuildFile; fileRef = 6E2CADEC1E63DA750090276B /* Repository.swift */; };
		B2193C311E6F04DE004D84B4 /* SearchResponse.swift in Sources */ = {isa = PBXBuildFile; fileRef = B2193C301E6F04DE004D84B4 /* SearchResponse.swift */; };
		B257E2671E64466A0091806F /* JSONDecodeError.swift in Sources */ = {isa = PBXBuildFile; fileRef = B257E2661E64466A0091806F /* JSONDecodeError.swift */; };
		B257E2691E644A650091806F /* JSONDecodable.swift in Sources */ = {isa = PBXBuildFile; fileRef = B257E2681E644A650091806F /* JSONDecodable.swift */; };
/* End PBXBuildFile section */

/* Begin PBXCopyFilesBuildPhase section */
		6E2CADDE1E63D72D0090276B /* CopyFiles */ = {
			isa = PBXCopyFilesBuildPhase;
			buildActionMask = 2147483647;
			dstPath = /usr/share/man/man1/;
			dstSubfolderSpec = 0;
			files = (
			);
			runOnlyForDeploymentPostprocessing = 1;
		};
/* End PBXCopyFilesBuildPhase section */

/* Begin PBXFileReference section */
		6E2CADE01E63D72D0090276B /* GithubSearchApiClient */ = {isa = PBXFileReference; explicitFileType = "compiled.mach-o.executable"; includeInIndex = 0; path = GithubSearchApiClient; sourceTree = BUILT_PRODUCTS_DIR; };
		6E2CADE31E63D72D0090276B /* main.swift */ = {isa = PBXFileReference; lastKnownFileType = sourcecode.swift; path = main.swift; sourceTree = "<group>"; };
		6E2CADEA1E63D8370090276B /* User.swift */ = {isa = PBXFileReference; fileEncoding = 4; lastKnownFileType = sourcecode.swift; path = User.swift; sourceTree = "<group>"; };
		6E2CADEC1E63DA750090276B /* Repository.swift */ = {isa = PBXFileReference; fileEncoding = 4; lastKnownFileType = sourcecode.swift; path = Repository.swift; sourceTree = "<group>"; };
		B2193C301E6F04DE004D84B4 /* SearchResponse.swift */ = {isa = PBXFileReference; fileEncoding = 4; lastKnownFileType = sourcecode.swift; path = SearchResponse.swift; sourceTree = "<group>"; };
		B257E2661E64466A0091806F /* JSONDecodeError.swift */ = {isa = PBXFileReference; fileEncoding = 4; lastKnownFileType = sourcecode.swift; path = JSONDecodeError.swift; sourceTree = "<group>"; };
		B257E2681E644A650091806F /* JSONDecodable.swift */ = {isa = PBXFileReference; fileEncoding = 4; lastKnownFileType = sourcecode.swift; path = JSONDecodable.swift; sourceTree = "<group>"; };
/* End PBXFileReference section */

/* Begin PBXFrameworksBuildPhase section */
		6E2CADDD1E63D72D0090276B /* Frameworks */ = {
			isa = PBXFrameworksBuildPhase;
			buildActionMask = 2147483647;
			files = (
			);
			runOnlyForDeploymentPostprocessing = 0;
		};
/* End PBXFrameworksBuildPhase section */

/* Begin PBXGroup section */
		6E2CADD71E63D72D0090276B = {
			isa = PBXGroup;
			children = (
				6E2CADE21E63D72D0090276B /* GithubSearchApiClient */,
				6E2CADE11E63D72D0090276B /* Products */,
			);
			sourceTree = "<group>";
		};
		6E2CADE11E63D72D0090276B /* Products */ = {
			isa = PBXGroup;
			children = (
				6E2CADE01E63D72D0090276B /* GithubSearchApiClient */,
			);
			name = Products;
			sourceTree = "<group>";
		};
		6E2CADE21E63D72D0090276B /* GithubSearchApiClient */ = {
			isa = PBXGroup;
			children = (
				6E2CADE31E63D72D0090276B /* main.swift */,
				6E2CADEA1E63D8370090276B /* User.swift */,
				6E2CADEC1E63DA750090276B /* Repository.swift */,
				B257E2661E64466A0091806F /* JSONDecodeError.swift */,
				B257E2681E644A650091806F /* JSONDecodable.swift */,
				B2193C301E6F04DE004D84B4 /* SearchResponse.swift */,
			);
			path = GithubSearchApiClient;
			sourceTree = "<group>";
		};
/* End PBXGroup section */

/* Begin PBXNativeTarget section */
		6E2CADDF1E63D72D0090276B /* GithubSearchApiClient */ = {
			isa = PBXNativeTarget;
			buildConfigurationList = 6E2CADE71E63D72D0090276B /* Build configuration list for PBXNativeTarget "GithubSearchApiClient" */;
			buildPhases = (
				6E2CADDC1E63D72D0090276B /* Sources */,
				6E2CADDD1E63D72D0090276B /* Frameworks */,
				6E2CADDE1E63D72D0090276B /* CopyFiles */,
			);
			buildRules = (
			);
			dependencies = (
			);
			name = GithubSearchApiClient;
			productName = GithubSearchApiClient;
			productReference = 6E2CADE01E63D72D0090276B /* GithubSearchApiClient */;
			productType = "com.apple.product-type.tool";
		};
/* End PBXNativeTarget section */

/* Begin PBXProject section */
		6E2CADD81E63D72D0090276B /* Project object */ = {
			isa = PBXProject;
			attributes = {
				LastSwiftUpdateCheck = 0810;
				LastUpgradeCheck = 0810;
				ORGANIZATIONNAME = "Naoya Muto";
				TargetAttributes = {
					6E2CADDF1E63D72D0090276B = {
						CreatedOnToolsVersion = 8.1;
						ProvisioningStyle = Automatic;
					};
				};
			};
			buildConfigurationList = 6E2CADDB1E63D72D0090276B /* Build configuration list for PBXProject "GithubSearchApiClient" */;
			compatibilityVersion = "Xcode 3.2";
			developmentRegion = English;
			hasScannedForEncodings = 0;
			knownRegions = (
				en,
			);
			mainGroup = 6E2CADD71E63D72D0090276B;
			productRefGroup = 6E2CADE11E63D72D0090276B /* Products */;
			projectDirPath = "";
			projectRoot = "";
			targets = (
				6E2CADDF1E63D72D0090276B /* GithubSearchApiClient */,
			);
		};
/* End PBXProject section */

/* Begin PBXSourcesBuildPhase section */
		6E2CADDC1E63D72D0090276B /* Sources */ = {
			isa = PBXSourcesBuildPhase;
			buildActionMask = 2147483647;
			files = (
				B257E2671E64466A0091806F /* JSONDecodeError.swift in Sources */,
				B257E2691E644A650091806F /* JSONDecodable.swift in Sources */,
				B2193C311E6F04DE004D84B4 /* SearchResponse.swift in Sources */,
				6E2CADEB1E63D8370090276B /* User.swift in Sources */,
				6E2CADE41E63D72D0090276B /* main.swift in Sources */,
				6E2CADED1E63DA750090276B /* Repository.swift in Sources */,
			);
			runOnlyForDeploymentPostprocessing = 0;
		};
/* End PBXSourcesBuildPhase section */

/* Begin XCBuildConfiguration section */
		6E2CADE51E63D72D0090276B /* Debug */ = {
			isa = XCBuildConfiguration;
			buildSettings = {
				ALWAYS_SEARCH_USER_PATHS = NO;
				CLANG_ANALYZER_NONNULL = YES;
				CLANG_CXX_LANGUAGE_STANDARD = "gnu++0x";
				CLANG_CXX_LIBRARY = "libc++";
				CLANG_ENABLE_MODULES = YES;
				CLANG_ENABLE_OBJC_ARC = YES;
				CLANG_WARN_BOOL_CONVERSION = YES;
				CLANG_WARN_CONSTANT_CONVERSION = YES;
				CLANG_WARN_DIRECT_OBJC_ISA_USAGE = YES_ERROR;
				CLANG_WARN_DOCUMENTATION_COMMENTS = YES;
				CLANG_WARN_EMPTY_BODY = YES;
				CLANG_WARN_ENUM_CONVERSION = YES;
				CLANG_WARN_INFINITE_RECURSION = YES;
				CLANG_WARN_INT_CONVERSION = YES;
				CLANG_WARN_OBJC_ROOT_CLASS = YES_ERROR;
				CLANG_WARN_SUSPICIOUS_MOVES = YES;
				CLANG_WARN_UNREACHABLE_CODE = YES;
				CLANG_WARN__DUPLICATE_METHOD_MATCH = YES;
				CODE_SIGN_IDENTITY = "-";
				COPY_PHASE_STRIP = NO;
				DEBUG_INFORMATION_FORMAT = dwarf;
				ENABLE_STRICT_OBJC_MSGSEND = YES;
				ENABLE_TESTABILITY = YES;
				GCC_C_LANGUAGE_STANDARD = gnu99;
				GCC_DYNAMIC_NO_PIC = NO;
				GCC_NO_COMMON_BLOCKS = YES;
				GCC_OPTIMIZATION_LEVEL = 0;
				GCC_PREPROCESSOR_DEFINITIONS = (
					"DEBUG=1",
					"$(inherited)",
				);
				GCC_WARN_64_TO_32_BIT_CONVERSION = YES;
				GCC_WARN_ABOUT_RETURN_TYPE = YES_ERROR;
				GCC_WARN_UNDECLARED_SELECTOR = YES;
				GCC_WARN_UNINITIALIZED_AUTOS = YES_AGGRESSIVE;
				GCC_WARN_UNUSED_FUNCTION = YES;
				GCC_WARN_UNUSED_VARIABLE = YES;
				MACOSX_DEPLOYMENT_TARGET = 10.11;
				MTL_ENABLE_DEBUG_INFO = YES;
				ONLY_ACTIVE_ARCH = YES;
				SDKROOT = macosx;
				SWIFT_OPTIMIZATION_LEVEL = "-Onone";
			};
			name = Debug;
		};
		6E2CADE61E63D72D0090276B /* Release */ = {
			isa = XCBuildConfiguration;
			buildSettings = {
				ALWAYS_SEARCH_USER_PATHS = NO;
				CLANG_ANALYZER_NONNULL = YES;
				CLANG_CXX_LANGUAGE_STANDARD = "gnu++0x";
				CLANG_CXX_LIBRARY = "libc++";
				CLANG_ENABLE_MODULES = YES;
				CLANG_ENABLE_OBJC_ARC = YES;
				CLANG_WARN_BOOL_CONVERSION = YES;
				CLANG_WARN_CONSTANT_CONVERSION = YES;
				CLANG_WARN_DIRECT_OBJC_ISA_USAGE = YES_ERROR;
				CLANG_WARN_DOCUMENTATION_COMMENTS = YES;
				CLANG_WARN_EMPTY_BODY = YES;
				CLANG_WARN_ENUM_CONVERSION = YES;
				CLANG_WARN_INFINITE_RECURSION = YES;
				CLANG_WARN_INT_CONVERSION = YES;
				CLANG_WARN_OBJC_ROOT_CLASS = YES_ERROR;
				CLANG_WARN_SUSPICIOUS_MOVES = YES;
				CLANG_WARN_UNREACHABLE_CODE = YES;
				CLANG_WARN__DUPLICATE_METHOD_MATCH = YES;
				CODE_SIGN_IDENTITY = "-";
				COPY_PHASE_STRIP = NO;
				DEBUG_INFORMATION_FORMAT = "dwarf-with-dsym";
				ENABLE_NS_ASSERTIONS = NO;
				ENABLE_STRICT_OBJC_MSGSEND = YES;
				GCC_C_LANGUAGE_STANDARD = gnu99;
				GCC_NO_COMMON_BLOCKS = YES;
				GCC_WARN_64_TO_32_BIT_CONVERSION = YES;
				GCC_WARN_ABOUT_RETURN_TYPE = YES_ERROR;
				GCC_WARN_UNDECLARED_SELECTOR = YES;
				GCC_WARN_UNINITIALIZED_AUTOS = YES_AGGRESSIVE;
				GCC_WARN_UNUSED_FUNCTION = YES;
				GCC_WARN_UNUSED_VARIABLE = YES;
				MACOSX_DEPLOYMENT_TARGET = 10.11;
				MTL_ENABLE_DEBUG_INFO = NO;
				SDKROOT = macosx;
			};
			name = Release;
		};
		6E2CADE81E63D72D0090276B /* Debug */ = {
			isa = XCBuildConfiguration;
			buildSettings = {
				PRODUCT_NAME = "$(TARGET_NAME)";
				SWIFT_VERSION = 3.0;
			};
			name = Debug;
		};
		6E2CADE91E63D72D0090276B /* Release */ = {
			isa = XCBuildConfiguration;
			buildSettings = {
				PRODUCT_NAME = "$(TARGET_NAME)";
				SWIFT_VERSION = 3.0;
			};
			name = Release;
		};
/* End XCBuildConfiguration section */

/* Begin XCConfigurationList section */
		6E2CADDB1E63D72D0090276B /* Build configuration list for PBXProject "GithubSearchApiClient" */ = {
			isa = XCConfigurationList;
			buildConfigurations = (
				6E2CADE51E63D72D0090276B /* Debug */,
				6E2CADE61E63D72D0090276B /* Release */,
			);
			defaultConfigurationIsVisible = 0;
			defaultConfigurationName = Release;
		};
		6E2CADE71E63D72D0090276B /* Build configuration list for PBXNativeTarget "GithubSearchApiClient" */ = {
			isa = XCConfigurationList;
			buildConfigurations = (
				6E2CADE81E63D72D0090276B /* Debug */,
				6E2CADE91E63D72D0090276B /* Release */,
			);
			defaultConfigurationIsVisible = 0;
			defaultConfigurationName = Release;
		};
/* End XCConfigurationList section */
	};
	rootObject = 6E2CADD81E63D72D0090276B /* Project object */;
}
